
Microsoft Visual Studio Solution File, Format Version 12.00
# Visual Studio 2012
Project("{FAE04EC0-301F-11D3-BF4B-00C04F79EFBC}") = "SoilTypeSelector.SoilTypeLibrary", "SoilTypeSelector.SoilTypeLibrary\SoilTypeSelector.SoilTypeLibrary.csproj", "{341C73B1-6366-4922-95B6-036850AC9A96}"
EndProject
Project("{FAE04EC0-301F-11D3-BF4B-00C04F79EFBC}") = "SoilTypeSelector.Tests", "SoilTypeSelector.Tests\SoilTypeSelector.Tests.csproj", "{77359E29-E3F7-4819-8588-055F8029317C}"
EndProject
Global
	GlobalSection(SolutionConfigurationPlatforms) = preSolution
		Debug|Any CPU = Debug|Any CPU
		Release|Any CPU = Release|Any CPU
	EndGlobalSection
	GlobalSection(ProjectConfigurationPlatforms) = postSolution
		{341C73B1-6366-4922-95B6-036850AC9A96}.Debug|Any CPU.ActiveCfg = Debug|Any CPU
		{341C73B1-6366-4922-95B6-036850AC9A96}.Debug|Any CPU.Build.0 = Debug|Any CPU
		{341C73B1-6366-4922-95B6-036850AC9A96}.Release|Any CPU.ActiveCfg = Release|Any CPU
		{341C73B1-6366-4922-95B6-036850AC9A96}.Release|Any CPU.Build.0 = Release|Any CPU
		{77359E29-E3F7-4819-8588-055F8029317C}.Debug|Any CPU.ActiveCfg = Debug|Any CPU
		{77359E29-E3F7-4819-8588-055F8029317C}.Debug|Any CPU.Build.0 = Debug|Any CPU
		{77359E29-E3F7-4819-8588-055F8029317C}.Release|Any CPU.ActiveCfg = Release|Any CPU
		{77359E29-E3F7-4819-8588-055F8029317C}.Release|Any CPU.Build.0 = Release|Any CPU
	EndGlobalSection
	GlobalSection(SolutionProperties) = preSolution
		HideSolutionNode = FALSE
	EndGlobalSection
EndGlobal
